{
    "name": "@vext.js/core",
    "version": "0.1.0",
    "lockfileVersion": 3,
    "requires": true,
    "packages": {
        "": {
            "name": "@vext.js/core",
            "version": "0.1.0",
            "dependencies": {
                "@vext.js/core": "^0.1.0"
            }
        },
        "node_modules/@vext.js/core": {
            "version": "0.1.0",
            "resolved": "https://registry.npmjs.org/@vext.js/core/-/core-0.1.0.tgz",
            "integrity": "sha512-jWvuw40MCLCJ6WCpS5+r9Kn2GJ72gzg9N4RqV17eazW1nW8KpkpVr0MQ5TYsf/nuRmxCaCRyHOW6INeyTLhX3Q=="
        }
    }
}
